
Microsoft Visual Studio Solution File, Format Version 12.00
# Visual Studio 15
VisualStudioVersion = 15.0.26730.12
MinimumVisualStudioVersion = 10.0.40219.1
Project("{2150E333-8FDC-42A3-9474-1A3956D46DE8}") = "05.CT.Models", "05.CT.Models", "{0E975BF2-0A67-4EA6-8DF4-B49FD9174A23}"
EndProject
Project("{2150E333-8FDC-42A3-9474-1A3956D46DE8}") = "04.CT.Data", "04.CT.Data", "{8C5B15C3-039D-4917-8A77-7446B95A4564}"
EndProject
Project("{2150E333-8FDC-42A3-9474-1A3956D46DE8}") = "03.CT.Repo", "03.CT.Repo", "{B00BF950-6C21-4EE3-BFAE-A33DAF686144}"
EndProject
Project("{2150E333-8FDC-42A3-9474-1A3956D46DE8}") = "02.CT.Service", "02.CT.Service", "{CAE86AA6-C904-4D89-BDD2-ADC2B9D14EE2}"
EndProject
Project("{2150E333-8FDC-42A3-9474-1A3956D46DE8}") = "01.CT.API", "01.CT.API", "{2191F8DB-11FC-4F97-A097-DDDA734EA845}"
EndProject
Project("{9A19103F-16F7-4668-BE54-9A1E7A4F7556}") = "CT.Models", "CT.Models\CT.Models.csproj", "{B598657B-D56D-4CEB-9D55-8A12966CE4C2}"
EndProject
Project("{9A19103F-16F7-4668-BE54-9A1E7A4F7556}") = "CT.Data", "CT.Data\CT.Data.csproj", "{4F4FA079-769D-40AE-80C7-369473D7103A}"
EndProject
Project("{9A19103F-16F7-4668-BE54-9A1E7A4F7556}") = "CT.Repo", "CT.Repo\CT.Repo.csproj", "{D3119155-99A2-4B31-9DB9-2041C4B14BCC}"
EndProject
Project("{9A19103F-16F7-4668-BE54-9A1E7A4F7556}") = "CT.Service", "CT.Service\CT.Service.csproj", "{45A43C6F-9C10-4CC5-B627-D3CE5CC7CD4F}"
EndProject
Project("{9A19103F-16F7-4668-BE54-9A1E7A4F7556}") = "CT.API", "CT.API\CT.API.csproj", "{68366D9C-C9E9-462E-98AB-E88DB0D60444}"
EndProject
Project("{FAE04EC0-301F-11D3-BF4B-00C04F79EFBC}") = "CT.API.Test", "CT.API.Test\CT.API.Test.csproj", "{F82239DC-769E-47CD-8E6E-8AD75DCEE3B0}"
EndProject
Global
	GlobalSection(SolutionConfigurationPlatforms) = preSolution
		Debug|Any CPU = Debug|Any CPU
		Release|Any CPU = Release|Any CPU
	EndGlobalSection
	GlobalSection(ProjectConfigurationPlatforms) = postSolution
		{B598657B-D56D-4CEB-9D55-8A12966CE4C2}.Debug|Any CPU.ActiveCfg = Debug|Any CPU
		{B598657B-D56D-4CEB-9D55-8A12966CE4C2}.Debug|Any CPU.Build.0 = Debug|Any CPU
		{B598657B-D56D-4CEB-9D55-8A12966CE4C2}.Release|Any CPU.ActiveCfg = Release|Any CPU
		{B598657B-D56D-4CEB-9D55-8A12966CE4C2}.Release|Any CPU.Build.0 = Release|Any CPU
		{4F4FA079-769D-40AE-80C7-369473D7103A}.Debug|Any CPU.ActiveCfg = Debug|Any CPU
		{4F4FA079-769D-40AE-80C7-369473D7103A}.Debug|Any CPU.Build.0 = Debug|Any CPU
		{4F4FA079-769D-40AE-80C7-369473D7103A}.Release|Any CPU.ActiveCfg = Release|Any CPU
		{4F4FA079-769D-40AE-80C7-369473D7103A}.Release|Any CPU.Build.0 = Release|Any CPU
		{D3119155-99A2-4B31-9DB9-2041C4B14BCC}.Debug|Any CPU.ActiveCfg = Debug|Any CPU
		{D3119155-99A2-4B31-9DB9-2041C4B14BCC}.Debug|Any CPU.Build.0 = Debug|Any CPU
		{D3119155-99A2-4B31-9DB9-2041C4B14BCC}.Release|Any CPU.ActiveCfg = Release|Any CPU
		{D3119155-99A2-4B31-9DB9-2041C4B14BCC}.Release|Any CPU.Build.0 = Release|Any CPU
		{45A43C6F-9C10-4CC5-B627-D3CE5CC7CD4F}.Debug|Any CPU.ActiveCfg = Debug|Any CPU
		{45A43C6F-9C10-4CC5-B627-D3CE5CC7CD4F}.Debug|Any CPU.Build.0 = Debug|Any CPU
		{45A43C6F-9C10-4CC5-B627-D3CE5CC7CD4F}.Release|Any CPU.ActiveCfg = Release|Any CPU
		{45A43C6F-9C10-4CC5-B627-D3CE5CC7CD4F}.Release|Any CPU.Build.0 = Release|Any CPU
		{68366D9C-C9E9-462E-98AB-E88DB0D60444}.Debug|Any CPU.ActiveCfg = Debug|Any CPU
		{68366D9C-C9E9-462E-98AB-E88DB0D60444}.Debug|Any CPU.Build.0 = Debug|Any CPU
		{68366D9C-C9E9-462E-98AB-E88DB0D60444}.Release|Any CPU.ActiveCfg = Release|Any CPU
		{68366D9C-C9E9-462E-98AB-E88DB0D60444}.Release|Any CPU.Build.0 = Release|Any CPU
		{F82239DC-769E-47CD-8E6E-8AD75DCEE3B0}.Debug|Any CPU.ActiveCfg = Debug|Any CPU
		{F82239DC-769E-47CD-8E6E-8AD75DCEE3B0}.Debug|Any CPU.Build.0 = Debug|Any CPU
		{F82239DC-769E-47CD-8E6E-8AD75DCEE3B0}.Release|Any CPU.ActiveCfg = Release|Any CPU
		{F82239DC-769E-47CD-8E6E-8AD75DCEE3B0}.Release|Any CPU.Build.0 = Release|Any CPU
	EndGlobalSection
	GlobalSection(SolutionProperties) = preSolution
		HideSolutionNode = FALSE
	EndGlobalSection
	GlobalSection(NestedProjects) = preSolution
		{B598657B-D56D-4CEB-9D55-8A12966CE4C2} = {0E975BF2-0A67-4EA6-8DF4-B49FD9174A23}
		{4F4FA079-769D-40AE-80C7-369473D7103A} = {8C5B15C3-039D-4917-8A77-7446B95A4564}
		{D3119155-99A2-4B31-9DB9-2041C4B14BCC} = {B00BF950-6C21-4EE3-BFAE-A33DAF686144}
		{45A43C6F-9C10-4CC5-B627-D3CE5CC7CD4F} = {CAE86AA6-C904-4D89-BDD2-ADC2B9D14EE2}
		{68366D9C-C9E9-462E-98AB-E88DB0D60444} = {2191F8DB-11FC-4F97-A097-DDDA734EA845}
		{F82239DC-769E-47CD-8E6E-8AD75DCEE3B0} = {2191F8DB-11FC-4F97-A097-DDDA734EA845}
	EndGlobalSection
	GlobalSection(ExtensibilityGlobals) = postSolution
		SolutionGuid = {99462BDF-7062-4145-9C49-F15892001D0C}
	EndGlobalSection
EndGlobal
